
Microsoft Visual Studio Solution File, Format Version 12.00
# Visual Studio 2013
VisualStudioVersion = 12.0.31101.0
MinimumVisualStudioVersion = 10.0.40219.1
Project("{FAE04EC0-301F-11D3-BF4B-00C04F79EFBC}") = "Bridge.AssemblyTemplate", "Bridge.AssemblyTemplate.csproj", "{2F5ED9C7-E491-4C55-BA65-E0672491067C}"
EndProject
Global
	GlobalSection(SolutionConfigurationPlatforms) = preSolution
		Debug|Any CPU = Debug|Any CPU
		Release|Any CPU = Release|Any CPU
	EndGlobalSection
	GlobalSection(ProjectConfigurationPlatforms) = postSolution
		{2F5ED9C7-E491-4C55-BA65-E0672491067C}.Debug|Any CPU.ActiveCfg = Debug|Any CPU
		{2F5ED9C7-E491-4C55-BA65-E0672491067C}.Debug|Any CPU.Build.0 = Debug|Any CPU
		{2F5ED9C7-E491-4C55-BA65-E0672491067C}.Release|Any CPU.ActiveCfg = Release|Any CPU
		{2F5ED9C7-E491-4C55-BA65-E0672491067C}.Release|Any CPU.Build.0 = Release|Any CPU
	EndGlobalSection
	GlobalSection(SolutionProperties) = preSolution
		HideSolutionNode = FALSE
	EndGlobalSection
EndGlobal
